
Microsoft Visual Studio Solution File, Format Version 12.00
Project("{FAE04EC0-301F-11D3-BF4B-00C04F79EFBC}") = "Roguelike", "Roguelike\Roguelike.csproj", "{D932785E-33FC-434F-B43F-A99ACE4F368C}"
EndProject
Global
	GlobalSection(SolutionConfigurationPlatforms) = preSolution
		Debug|Any CPU = Debug|Any CPU
		Release|Any CPU = Release|Any CPU
	EndGlobalSection
	GlobalSection(ProjectConfigurationPlatforms) = postSolution
		{D932785E-33FC-434F-B43F-A99ACE4F368C}.Debug|Any CPU.ActiveCfg = Debug|Any CPU
		{D932785E-33FC-434F-B43F-A99ACE4F368C}.Debug|Any CPU.Build.0 = Debug|Any CPU
		{D932785E-33FC-434F-B43F-A99ACE4F368C}.Release|Any CPU.ActiveCfg = Release|Any CPU
		{D932785E-33FC-434F-B43F-A99ACE4F368C}.Release|Any CPU.Build.0 = Release|Any CPU
	EndGlobalSection
EndGlobal
